
Microsoft Visual Studio Solution File, Format Version 12.00
# Visual Studio Version 17
VisualStudioVersion = 17.11.35222.181
MinimumVisualStudioVersion = 10.0.40219.1
Project("{9A19103F-16F7-4668-BE54-9A1E7A4F7556}") = "FOS.Identity.Server", "FOS.Identity.Server\FOS.Identity.Server.csproj", "{A12B5A9F-3C70-4E06-97EC-8512D2530DF3}"
EndProject
Project("{9A19103F-16F7-4668-BE54-9A1E7A4F7556}") = "FOS.Infrastructure", "..\..\fos-prospect-master\fos-infrastructure\FOS.Infrastructure\FOS.Infrastructure\FOS.Infrastructure.csproj", "{F1DFA214-3BF4-49D3-B692-18B4F7A29B24}"
EndProject
Project("{9A19103F-16F7-4668-BE54-9A1E7A4F7556}") = "FOS.Models", "..\..\fos-prospect-master\fos-models\FOS.Models\FOS.Models.csproj", "{56ABAA8F-C250-45EA-8A42-BFC2CF279919}"
EndProject
Project("{9A19103F-16F7-4668-BE54-9A1E7A4F7556}") = "FOS.Repository", "..\..\fos-prospect-master\fos-repository\FOS.Repository\FOS.Repository.csproj", "{A8B99AA3-8AE3-4617-A357-0C463CD58528}"
EndProject
Global
	GlobalSection(SolutionConfigurationPlatforms) = preSolution
		Debug|Any CPU = Debug|Any CPU
		Release|Any CPU = Release|Any CPU
	EndGlobalSection
	GlobalSection(ProjectConfigurationPlatforms) = postSolution
		{A12B5A9F-3C70-4E06-97EC-8512D2530DF3}.Debug|Any CPU.ActiveCfg = Debug|Any CPU
		{A12B5A9F-3C70-4E06-97EC-8512D2530DF3}.Debug|Any CPU.Build.0 = Debug|Any CPU
		{A12B5A9F-3C70-4E06-97EC-8512D2530DF3}.Release|Any CPU.ActiveCfg = Release|Any CPU
		{A12B5A9F-3C70-4E06-97EC-8512D2530DF3}.Release|Any CPU.Build.0 = Release|Any CPU
		{F1DFA214-3BF4-49D3-B692-18B4F7A29B24}.Debug|Any CPU.ActiveCfg = Debug|Any CPU
		{F1DFA214-3BF4-49D3-B692-18B4F7A29B24}.Debug|Any CPU.Build.0 = Debug|Any CPU
		{F1DFA214-3BF4-49D3-B692-18B4F7A29B24}.Release|Any CPU.ActiveCfg = Release|Any CPU
		{F1DFA214-3BF4-49D3-B692-18B4F7A29B24}.Release|Any CPU.Build.0 = Release|Any CPU
		{56ABAA8F-C250-45EA-8A42-BFC2CF279919}.Debug|Any CPU.ActiveCfg = Debug|Any CPU
		{56ABAA8F-C250-45EA-8A42-BFC2CF279919}.Debug|Any CPU.Build.0 = Debug|Any CPU
		{56ABAA8F-C250-45EA-8A42-BFC2CF279919}.Release|Any CPU.ActiveCfg = Release|Any CPU
		{56ABAA8F-C250-45EA-8A42-BFC2CF279919}.Release|Any CPU.Build.0 = Release|Any CPU
		{A8B99AA3-8AE3-4617-A357-0C463CD58528}.Debug|Any CPU.ActiveCfg = Debug|Any CPU
		{A8B99AA3-8AE3-4617-A357-0C463CD58528}.Debug|Any CPU.Build.0 = Debug|Any CPU
		{A8B99AA3-8AE3-4617-A357-0C463CD58528}.Release|Any CPU.ActiveCfg = Release|Any CPU
		{A8B99AA3-8AE3-4617-A357-0C463CD58528}.Release|Any CPU.Build.0 = Release|Any CPU
	EndGlobalSection
	GlobalSection(SolutionProperties) = preSolution
		HideSolutionNode = FALSE
	EndGlobalSection
	GlobalSection(ExtensibilityGlobals) = postSolution
		SolutionGuid = {92CEBBA7-4452-4A35-809B-8F7D8562D01B}
	EndGlobalSection
EndGlobal
